// !$*UTF8*$!
{
	archiveVersion = 1;
	classes = {
	};
	objectVersion = 46;
	objects = {

/* Begin PBXBuildFile section */
		03218B15150F140C00F7DF82 /* Icon.png in Resources */ = {isa = PBXBuildFile; fileRef = 03218B14150F140C00F7DF82 /* Icon.png */; };
		03218B17150F141100F7DF82 /* Icon@2x.png in Resources */ = {isa = PBXBuildFile; fileRef = 03218B16150F141100F7DF82 /* Icon@2x.png */; };
		03218B19150F141700F7DF82 /* Default.png in Resources */ = {isa = PBXBuildFile; fileRef = 03218B18150F141700F7DF82 /* Default.png */; };
		03218B1B150F141C00F7DF82 /* Default@2x.png in Resources */ = {isa = PBXBuildFile; fileRef = 03218B1A150F141C00F7DF82 /* Default@2x.png */; };
		032E6EB114F3F4860072697A /* UIKit.framework in Frameworks */ = {isa = PBXBuildFile; fileRef = 032E6EB014F3F4860072697A /* UIKit.framework */; };
		032E6EB314F3F4860072697A /* Foundation.framework in Frameworks */ = {isa = PBXBuildFile; fileRef = 032E6EB214F3F4860072697A /* Foundation.framework */; };
		032E6EB514F3F4860072697A /* CoreGraphics.framework in Frameworks */ = {isa = PBXBuildFile; fileRef = 032E6EB414F3F4860072697A /* CoreGraphics.framework */; };
		032E6EBB14F3F4860072697A /* InfoPlist.strings in Resources */ = {isa = PBXBuildFile; fileRef = 032E6EB914F3F4860072697A /* InfoPlist.strings */; };
		032E6EBD14F3F4860072697A /* main.m in Sources */ = {isa = PBXBuildFile; fileRef = 032E6EBC14F3F4860072697A /* main.m */; };
		032E6EC114F3F4860072697A /* AppDelegate.m in Sources */ = {isa = PBXBuildFile; fileRef = 032E6EC014F3F4860072697A /* AppDelegate.m */; };
		032E6EC414F3F4860072697A /* MainStoryboard.storyboard in Resources */ = {isa = PBXBuildFile; fileRef = 032E6EC214F3F4860072697A /* MainStoryboard.storyboard */; };
		032E6EC714F3F4860072697A /* FirstViewController.m in Sources */ = {isa = PBXBuildFile; fileRef = 032E6EC614F3F4860072697A /* FirstViewController.m */; };
		032E6EC914F3F4860072697A /* first.png in Resources */ = {isa = PBXBuildFile; fileRef = 032E6EC814F3F4860072697A /* first.png */; };
		032E6ECB14F3F4860072697A /* first@2x.png in Resources */ = {isa = PBXBuildFile; fileRef = 032E6ECA14F3F4860072697A /* first@2x.png */; };
		032E6ED014F3F4860072697A /* second.png in Resources */ = {isa = PBXBuildFile; fileRef = 032E6ECF14F3F4860072697A /* second.png */; };
		032E6ED214F3F4860072697A /* second@2x.png in Resources */ = {isa = PBXBuildFile; fileRef = 032E6ED114F3F4860072697A /* second@2x.png */; };
		033B09CE150B0E7E006D5738 /* Settings.m in Sources */ = {isa = PBXBuildFile; fileRef = 033B09CD150B0E7E006D5738 /* Settings.m */; };
		03D8A0ED1502B54C00DA09D4 /* RSSParser.m in Sources */ = {isa = PBXBuildFile; fileRef = 03D8A0EC1502B54C00DA09D4 /* RSSParser.m */; };
		03EDBDBF1509800D0093C55C /* NowPlaying.m in Sources */ = {isa = PBXBuildFile; fileRef = 03EDBDBE1509800D0093C55C /* NowPlaying.m */; };
		762D070B1512444A0015363A /* AVFoundation.framework in Frameworks */ = {isa = PBXBuildFile; fileRef = 762D070A1512444A0015363A /* AVFoundation.framework */; };
		9E25DB77150299B5000766D7 /* ArtistTableViewController.m in Sources */ = {isa = PBXBuildFile; fileRef = 9E25DB76150299B5000766D7 /* ArtistTableViewController.m */; };
		9E63E09A150900B200DF04A0 /* Artist.m in Sources */ = {isa = PBXBuildFile; fileRef = 9E63E099150900B200DF04A0 /* Artist.m */; };
		9E63E09E1509046E00DF04A0 /* Album.m in Sources */ = {isa = PBXBuildFile; fileRef = 9E63E09D1509046E00DF04A0 /* Album.m */; };
		9E8ADD3915028CA7009EA4AA /* Error.m in Sources */ = {isa = PBXBuildFile; fileRef = 9E8ADD3815028CA7009EA4AA /* Error.m */; };
		9EA29E66150FBC8100C55A81 /* AlbumSongTableViewController.m in Sources */ = {isa = PBXBuildFile; fileRef = 9EA29E65150FBC8100C55A81 /* AlbumSongTableViewController.m */; };
		9EB97E731517B69B00C18801 /* LoginViewController.m in Sources */ = {isa = PBXBuildFile; fileRef = 9EB97E721517B69B00C18801 /* LoginViewController.m */; };
		9EBF78F4150E7F4B00672257 /* Song.m in Sources */ = {isa = PBXBuildFile; fileRef = 9EBF78F3150E7F4B00672257 /* Song.m */; };
/* End PBXBuildFile section */

/* Begin PBXFileReference section */
		03218B14150F140C00F7DF82 /* Icon.png */ = {isa = PBXFileReference; lastKnownFileType = image.png; path = Icon.png; sourceTree = "<group>"; };
		03218B16150F141100F7DF82 /* Icon@2x.png */ = {isa = PBXFileReference; lastKnownFileType = image.png; path = "Icon@2x.png"; sourceTree = "<group>"; };
		03218B18150F141700F7DF82 /* Default.png */ = {isa = PBXFileReference; lastKnownFileType = image.png; path = Default.png; sourceTree = "<group>"; };
		03218B1A150F141C00F7DF82 /* Default@2x.png */ = {isa = PBXFileReference; lastKnownFileType = image.png; path = "Default@2x.png"; sourceTree = "<group>"; };
		032E6EAC14F3F4860072697A /* Subsonic.app */ = {isa = PBXFileReference; explicitFileType = wrapper.application; includeInIndex = 0; path = Subsonic.app; sourceTree = BUILT_PRODUCTS_DIR; };
		032E6EB014F3F4860072697A /* UIKit.framework */ = {isa = PBXFileReference; lastKnownFileType = wrapper.framework; name = UIKit.framework; path = System/Library/Frameworks/UIKit.framework; sourceTree = SDKROOT; };
		032E6EB214F3F4860072697A /* Foundation.framework */ = {isa = PBXFileReference; lastKnownFileType = wrapper.framework; name = Foundation.framework; path = System/Library/Frameworks/Foundation.framework; sourceTree = SDKROOT; };
		032E6EB414F3F4860072697A /* CoreGraphics.framework */ = {isa = PBXFileReference; lastKnownFileType = wrapper.framework; name = CoreGraphics.framework; path = System/Library/Frameworks/CoreGraphics.framework; sourceTree = SDKROOT; };
		032E6EB814F3F4860072697A /* Subsonic-Info.plist */ = {isa = PBXFileReference; lastKnownFileType = text.plist.xml; path = "Subsonic-Info.plist"; sourceTree = "<group>"; };
		032E6EBA14F3F4860072697A /* en */ = {isa = PBXFileReference; lastKnownFileType = text.plist.strings; name = en; path = en.lproj/InfoPlist.strings; sourceTree = "<group>"; };
		032E6EBC14F3F4860072697A /* main.m */ = {isa = PBXFileReference; lastKnownFileType = sourcecode.c.objc; path = main.m; sourceTree = "<group>"; };
		032E6EBE14F3F4860072697A /* Subsonic-Prefix.pch */ = {isa = PBXFileReference; lastKnownFileType = sourcecode.c.h; path = "Subsonic-Prefix.pch"; sourceTree = "<group>"; };
		032E6EBF14F3F4860072697A /* AppDelegate.h */ = {isa = PBXFileReference; lastKnownFileType = sourcecode.c.h; path = AppDelegate.h; sourceTree = "<group>"; };
		032E6EC014F3F4860072697A /* AppDelegate.m */ = {isa = PBXFileReference; lastKnownFileType = sourcecode.c.objc; path = AppDelegate.m; sourceTree = "<group>"; };
		032E6EC314F3F4860072697A /* en */ = {isa = PBXFileReference; lastKnownFileType = file.storyboard; name = en; path = en.lproj/MainStoryboard.storyboard; sourceTree = "<group>"; };
		032E6EC514F3F4860072697A /* FirstViewController.h */ = {isa = PBXFileReference; lastKnownFileType = sourcecode.c.h; path = FirstViewController.h; sourceTree = "<group>"; };
		032E6EC614F3F4860072697A /* FirstViewController.m */ = {isa = PBXFileReference; lastKnownFileType = sourcecode.c.objc; path = FirstViewController.m; sourceTree = "<group>"; };
		032E6EC814F3F4860072697A /* first.png */ = {isa = PBXFileReference; lastKnownFileType = image.png; path = first.png; sourceTree = "<group>"; };
		032E6ECA14F3F4860072697A /* first@2x.png */ = {isa = PBXFileReference; lastKnownFileType = image.png; path = "first@2x.png"; sourceTree = "<group>"; };
		032E6ECF14F3F4860072697A /* second.png */ = {isa = PBXFileReference; lastKnownFileType = image.png; path = second.png; sourceTree = "<group>"; };
		032E6ED114F3F4860072697A /* second@2x.png */ = {isa = PBXFileReference; lastKnownFileType = image.png; path = "second@2x.png"; sourceTree = "<group>"; };
		033B09CC150B0E7E006D5738 /* Settings.h */ = {isa = PBXFileReference; fileEncoding = 4; lastKnownFileType = sourcecode.c.h; path = Settings.h; sourceTree = "<group>"; };
		033B09CD150B0E7E006D5738 /* Settings.m */ = {isa = PBXFileReference; fileEncoding = 4; lastKnownFileType = sourcecode.c.objc; path = Settings.m; sourceTree = "<group>"; };
		03D8A0EB1502B54C00DA09D4 /* RSSParser.h */ = {isa = PBXFileReference; fileEncoding = 4; lastKnownFileType = sourcecode.c.h; path = RSSParser.h; sourceTree = "<group>"; };
		03D8A0EC1502B54C00DA09D4 /* RSSParser.m */ = {isa = PBXFileReference; fileEncoding = 4; lastKnownFileType = sourcecode.c.objc; path = RSSParser.m; sourceTree = "<group>"; };
		03EDBDBD1509800D0093C55C /* NowPlaying.h */ = {isa = PBXFileReference; fileEncoding = 4; lastKnownFileType = sourcecode.c.h; path = NowPlaying.h; sourceTree = "<group>"; };
		03EDBDBE1509800D0093C55C /* NowPlaying.m */ = {isa = PBXFileReference; fileEncoding = 4; lastKnownFileType = sourcecode.c.objc; path = NowPlaying.m; sourceTree = "<group>"; };
		762D070A1512444A0015363A /* AVFoundation.framework */ = {isa = PBXFileReference; lastKnownFileType = wrapper.framework; name = AVFoundation.framework; path = System/Library/Frameworks/AVFoundation.framework; sourceTree = SDKROOT; };
		9E25DB75150299B5000766D7 /* ArtistTableViewController.h */ = {isa = PBXFileReference; fileEncoding = 4; lastKnownFileType = sourcecode.c.h; path = ArtistTableViewController.h; sourceTree = "<group>"; };
		9E25DB76150299B5000766D7 /* ArtistTableViewController.m */ = {isa = PBXFileReference; fileEncoding = 4; lastKnownFileType = sourcecode.c.objc; path = ArtistTableViewController.m; sourceTree = "<group>"; };
		9E63E098150900B200DF04A0 /* Artist.h */ = {isa = PBXFileReference; fileEncoding = 4; lastKnownFileType = sourcecode.c.h; path = Artist.h; sourceTree = "<group>"; };
		9E63E099150900B200DF04A0 /* Artist.m */ = {isa = PBXFileReference; fileEncoding = 4; lastKnownFileType = sourcecode.c.objc; path = Artist.m; sourceTree = "<group>"; };
		9E63E09C1509046E00DF04A0 /* Album.h */ = {isa = PBXFileReference; fileEncoding = 4; lastKnownFileType = sourcecode.c.h; path = Album.h; sourceTree = "<group>"; };
		9E63E09D1509046E00DF04A0 /* Album.m */ = {isa = PBXFileReference; fileEncoding = 4; lastKnownFileType = sourcecode.c.objc; path = Album.m; sourceTree = "<group>"; };
		9E8ADD3715028CA7009EA4AA /* Error.h */ = {isa = PBXFileReference; fileEncoding = 4; lastKnownFileType = sourcecode.c.h; path = Error.h; sourceTree = "<group>"; };
		9E8ADD3815028CA7009EA4AA /* Error.m */ = {isa = PBXFileReference; fileEncoding = 4; lastKnownFileType = sourcecode.c.objc; path = Error.m; sourceTree = "<group>"; };
		9EA29E64150FBC8100C55A81 /* AlbumSongTableViewController.h */ = {isa = PBXFileReference; fileEncoding = 4; lastKnownFileType = sourcecode.c.h; path = AlbumSongTableViewController.h; sourceTree = "<group>"; };
		9EA29E65150FBC8100C55A81 /* AlbumSongTableViewController.m */ = {isa = PBXFileReference; fileEncoding = 4; lastKnownFileType = sourcecode.c.objc; path = AlbumSongTableViewController.m; sourceTree = "<group>"; };
		9EB97E711517B69A00C18801 /* LoginViewController.h */ = {isa = PBXFileReference; fileEncoding = 4; lastKnownFileType = sourcecode.c.h; path = LoginViewController.h; sourceTree = "<group>"; };
		9EB97E721517B69B00C18801 /* LoginViewController.m */ = {isa = PBXFileReference; fileEncoding = 4; lastKnownFileType = sourcecode.c.objc; path = LoginViewController.m; sourceTree = "<group>"; };
		9EBF78F2150E7F4B00672257 /* Song.h */ = {isa = PBXFileReference; fileEncoding = 4; lastKnownFileType = sourcecode.c.h; path = Song.h; sourceTree = "<group>"; };
		9EBF78F3150E7F4B00672257 /* Song.m */ = {isa = PBXFileReference; fileEncoding = 4; lastKnownFileType = sourcecode.c.objc; path = Song.m; sourceTree = "<group>"; };
/* End PBXFileReference section */

/* Begin PBXFrameworksBuildPhase section */
		032E6EA914F3F4860072697A /* Frameworks */ = {
			isa = PBXFrameworksBuildPhase;
			buildActionMask = 2147483647;
			files = (
				762D070B1512444A0015363A /* AVFoundation.framework in Frameworks */,
				032E6EB114F3F4860072697A /* UIKit.framework in Frameworks */,
				032E6EB314F3F4860072697A /* Foundation.framework in Frameworks */,
				032E6EB514F3F4860072697A /* CoreGraphics.framework in Frameworks */,
			);
			runOnlyForDeploymentPostprocessing = 0;
		};
/* End PBXFrameworksBuildPhase section */

/* Begin PBXGroup section */
		032E6EA114F3F4860072697A = {
			isa = PBXGroup;
			children = (
				762D070A1512444A0015363A /* AVFoundation.framework */,
				03218B1A150F141C00F7DF82 /* Default@2x.png */,
				03218B18150F141700F7DF82 /* Default.png */,
				03218B16150F141100F7DF82 /* Icon@2x.png */,
				03218B14150F140C00F7DF82 /* Icon.png */,
				032E6EB614F3F4860072697A /* Subsonic */,
				032E6EAF14F3F4860072697A /* Frameworks */,
				032E6EAD14F3F4860072697A /* Products */,
			);
			sourceTree = "<group>";
		};
		032E6EAD14F3F4860072697A /* Products */ = {
			isa = PBXGroup;
			children = (
				032E6EAC14F3F4860072697A /* Subsonic.app */,
			);
			name = Products;
			sourceTree = "<group>";
		};
		032E6EAF14F3F4860072697A /* Frameworks */ = {
			isa = PBXGroup;
			children = (
				032E6EB014F3F4860072697A /* UIKit.framework */,
				032E6EB214F3F4860072697A /* Foundation.framework */,
				032E6EB414F3F4860072697A /* CoreGraphics.framework */,
			);
			name = Frameworks;
			sourceTree = "<group>";
		};
		032E6EB614F3F4860072697A /* Subsonic */ = {
			isa = PBXGroup;
			children = (
				032E6EBF14F3F4860072697A /* AppDelegate.h */,
				032E6EC014F3F4860072697A /* AppDelegate.m */,
				9EB97E711517B69A00C18801 /* LoginViewController.h */,
				9EB97E721517B69B00C18801 /* LoginViewController.m */,
				032E6EC214F3F4860072697A /* MainStoryboard.storyboard */,
				033B09CC150B0E7E006D5738 /* Settings.h */,
				033B09CD150B0E7E006D5738 /* Settings.m */,
				03EDBDBD1509800D0093C55C /* NowPlaying.h */,
				03EDBDBE1509800D0093C55C /* NowPlaying.m */,
				9E25DB75150299B5000766D7 /* ArtistTableViewController.h */,
				9E25DB76150299B5000766D7 /* ArtistTableViewController.m */,
				9EA29E64150FBC8100C55A81 /* AlbumSongTableViewController.h */,
				9EA29E65150FBC8100C55A81 /* AlbumSongTableViewController.m */,
				032E6EC514F3F4860072697A /* FirstViewController.h */,
				032E6EC614F3F4860072697A /* FirstViewController.m */,
				9E8ADD3715028CA7009EA4AA /* Error.h */,
				9E8ADD3815028CA7009EA4AA /* Error.m */,
				03D8A0EB1502B54C00DA09D4 /* RSSParser.h */,
				03D8A0EC1502B54C00DA09D4 /* RSSParser.m */,
				9EBF78F2150E7F4B00672257 /* Song.h */,
				9EBF78F3150E7F4B00672257 /* Song.m */,
				9E63E09C1509046E00DF04A0 /* Album.h */,
				9E63E09D1509046E00DF04A0 /* Album.m */,
				9E63E098150900B200DF04A0 /* Artist.h */,
				9E63E099150900B200DF04A0 /* Artist.m */,
				032E6EC814F3F4860072697A /* first.png */,
				032E6ECA14F3F4860072697A /* first@2x.png */,
				032E6ECF14F3F4860072697A /* second.png */,
				032E6ED114F3F4860072697A /* second@2x.png */,
				032E6EB714F3F4860072697A /* Supporting Files */,
			);
			path = Subsonic;
			sourceTree = "<group>";
		};
		032E6EB714F3F4860072697A /* Supporting Files */ = {
			isa = PBXGroup;
			children = (
				032E6EB814F3F4860072697A /* Subsonic-Info.plist */,
				032E6EB914F3F4860072697A /* InfoPlist.strings */,
				032E6EBC14F3F4860072697A /* main.m */,
				032E6EBE14F3F4860072697A /* Subsonic-Prefix.pch */,
			);
			name = "Supporting Files";
			sourceTree = "<group>";
		};
/* End PBXGroup section */

/* Begin PBXNativeTarget section */
		032E6EAB14F3F4860072697A /* Subsonic */ = {
			isa = PBXNativeTarget;
			buildConfigurationList = 032E6ED514F3F4870072697A /* Build configuration list for PBXNativeTarget "Subsonic" */;
			buildPhases = (
				032E6EA814F3F4860072697A /* Sources */,
				032E6EA914F3F4860072697A /* Frameworks */,
				032E6EAA14F3F4860072697A /* Resources */,
			);
			buildRules = (
			);
			dependencies = (
			);
			name = Subsonic;
			productName = Subsonic;
			productReference = 032E6EAC14F3F4860072697A /* Subsonic.app */;
			productType = "com.apple.product-type.application";
		};
/* End PBXNativeTarget section */

/* Begin PBXProject section */
		032E6EA314F3F4860072697A /* Project object */ = {
			isa = PBXProject;
			attributes = {
				LastUpgradeCheck = 0420;
			};
			buildConfigurationList = 032E6EA614F3F4860072697A /* Build configuration list for PBXProject "Subsonic" */;
			compatibilityVersion = "Xcode 3.2";
			developmentRegion = English;
			hasScannedForEncodings = 0;
			knownRegions = (
				en,
			);
			mainGroup = 032E6EA114F3F4860072697A;
			productRefGroup = 032E6EAD14F3F4860072697A /* Products */;
			projectDirPath = "";
			projectRoot = "";
			targets = (
				032E6EAB14F3F4860072697A /* Subsonic */,
			);
		};
/* End PBXProject section */

/* Begin PBXResourcesBuildPhase section */
		032E6EAA14F3F4860072697A /* Resources */ = {
			isa = PBXResourcesBuildPhase;
			buildActionMask = 2147483647;
			files = (
				032E6EBB14F3F4860072697A /* InfoPlist.strings in Resources */,
				032E6EC414F3F4860072697A /* MainStoryboard.storyboard in Resources */,
				032E6EC914F3F4860072697A /* first.png in Resources */,
				032E6ECB14F3F4860072697A /* first@2x.png in Resources */,
				032E6ED014F3F4860072697A /* second.png in Resources */,
				032E6ED214F3F4860072697A /* second@2x.png in Resources */,
				03218B15150F140C00F7DF82 /* Icon.png in Resources */,
				03218B17150F141100F7DF82 /* Icon@2x.png in Resources */,
				03218B19150F141700F7DF82 /* Default.png in Resources */,
				03218B1B150F141C00F7DF82 /* Default@2x.png in Resources */,
			);
			runOnlyForDeploymentPostprocessing = 0;
		};
/* End PBXResourcesBuildPhase section */

/* Begin PBXSourcesBuildPhase section */
		032E6EA814F3F4860072697A /* Sources */ = {
			isa = PBXSourcesBuildPhase;
			buildActionMask = 2147483647;
			files = (
				032E6EBD14F3F4860072697A /* main.m in Sources */,
				032E6EC114F3F4860072697A /* AppDelegate.m in Sources */,
				032E6EC714F3F4860072697A /* FirstViewController.m in Sources */,
				9E8ADD3915028CA7009EA4AA /* Error.m in Sources */,
				9E25DB77150299B5000766D7 /* ArtistTableViewController.m in Sources */,
				03D8A0ED1502B54C00DA09D4 /* RSSParser.m in Sources */,
				9E63E09A150900B200DF04A0 /* Artist.m in Sources */,
				9E63E09E1509046E00DF04A0 /* Album.m in Sources */,
				03EDBDBF1509800D0093C55C /* NowPlaying.m in Sources */,
				033B09CE150B0E7E006D5738 /* Settings.m in Sources */,
				9EBF78F4150E7F4B00672257 /* Song.m in Sources */,
				9EA29E66150FBC8100C55A81 /* AlbumSongTableViewController.m in Sources */,
				9EB97E731517B69B00C18801 /* LoginViewController.m in Sources */,
			);
			runOnlyForDeploymentPostprocessing = 0;
		};
/* End PBXSourcesBuildPhase section */

/* Begin PBXVariantGroup section */
		032E6EB914F3F4860072697A /* InfoPlist.strings */ = {
			isa = PBXVariantGroup;
			children = (
				032E6EBA14F3F4860072697A /* en */,
			);
			name = InfoPlist.strings;
			sourceTree = "<group>";
		};
		032E6EC214F3F4860072697A /* MainStoryboard.storyboard */ = {
			isa = PBXVariantGroup;
			children = (
				032E6EC314F3F4860072697A /* en */,
			);
			name = MainStoryboard.storyboard;
			sourceTree = "<group>";
		};
/* End PBXVariantGroup section */

/* Begin XCBuildConfiguration section */
		032E6ED314F3F4860072697A /* Debug */ = {
			isa = XCBuildConfiguration;
			buildSettings = {
				ALWAYS_SEARCH_USER_PATHS = NO;
				ARCHS = "$(ARCHS_STANDARD_32_BIT)";
				CLANG_ENABLE_OBJC_ARC = YES;
				"CODE_SIGN_IDENTITY[sdk=iphoneos*]" = "iPhone Developer";
				COPY_PHASE_STRIP = NO;
				GCC_C_LANGUAGE_STANDARD = gnu99;
				GCC_DYNAMIC_NO_PIC = NO;
				GCC_OPTIMIZATION_LEVEL = 0;
				GCC_PREPROCESSOR_DEFINITIONS = (
					"DEBUG=1",
					"$(inherited)",
				);
				GCC_SYMBOLS_PRIVATE_EXTERN = NO;
				GCC_VERSION = com.apple.compilers.llvm.clang.1_0;
				GCC_WARN_ABOUT_MISSING_PROTOTYPES = YES;
				GCC_WARN_ABOUT_RETURN_TYPE = YES;
				GCC_WARN_UNUSED_VARIABLE = YES;
				IPHONEOS_DEPLOYMENT_TARGET = 5.0;
				SDKROOT = iphoneos;
			};
			name = Debug;
		};
		032E6ED414F3F4860072697A /* Release */ = {
			isa = XCBuildConfiguration;
			buildSettings = {
				ALWAYS_SEARCH_USER_PATHS = NO;
				ARCHS = "$(ARCHS_STANDARD_32_BIT)";
				CLANG_ENABLE_OBJC_ARC = YES;
				"CODE_SIGN_IDENTITY[sdk=iphoneos*]" = "iPhone Developer";
				COPY_PHASE_STRIP = YES;
				GCC_C_LANGUAGE_STANDARD = gnu99;
				GCC_VERSION = com.apple.compilers.llvm.clang.1_0;
				GCC_WARN_ABOUT_MISSING_PROTOTYPES = YES;
				GCC_WARN_ABOUT_RETURN_TYPE = YES;
				GCC_WARN_UNUSED_VARIABLE = YES;
				IPHONEOS_DEPLOYMENT_TARGET = 5.0;
				OTHER_CFLAGS = "-DNS_BLOCK_ASSERTIONS=1";
				SDKROOT = iphoneos;
				VALIDATE_PRODUCT = YES;
			};
			name = Release;
		};
		032E6ED614F3F4870072697A /* Debug */ = {
			isa = XCBuildConfiguration;
			buildSettings = {
				GCC_PRECOMPILE_PREFIX_HEADER = YES;
				GCC_PREFIX_HEADER = "Subsonic/Subsonic-Prefix.pch";
				INFOPLIST_FILE = "Subsonic/Subsonic-Info.plist";
				PRODUCT_NAME = "$(TARGET_NAME)";
				WRAPPER_EXTENSION = app;
			};
			name = Debug;
		};
		032E6ED714F3F4870072697A /* Release */ = {
			isa = XCBuildConfiguration;
			buildSettings = {
				GCC_PRECOMPILE_PREFIX_HEADER = YES;
				GCC_PREFIX_HEADER = "Subsonic/Subsonic-Prefix.pch";
				INFOPLIST_FILE = "Subsonic/Subsonic-Info.plist";
				PRODUCT_NAME = "$(TARGET_NAME)";
				WRAPPER_EXTENSION = app;
			};
			name = Release;
		};
/* End XCBuildConfiguration section */

/* Begin XCConfigurationList section */
		032E6EA614F3F4860072697A /* Build configuration list for PBXProject "Subsonic" */ = {
			isa = XCConfigurationList;
			buildConfigurations = (
				032E6ED314F3F4860072697A /* Debug */,
				032E6ED414F3F4860072697A /* Release */,
			);
			defaultConfigurationIsVisible = 0;
			defaultConfigurationName = Release;
		};
		032E6ED514F3F4870072697A /* Build configuration list for PBXNativeTarget "Subsonic" */ = {
			isa = XCConfigurationList;
			buildConfigurations = (
				032E6ED614F3F4870072697A /* Debug */,
				032E6ED714F3F4870072697A /* Release */,
			);
			defaultConfigurationIsVisible = 0;
			defaultConfigurationName = Release;
		};
/* End XCConfigurationList section */
	};
	rootObject = 032E6EA314F3F4860072697A /* Project object */;
}
