// !$*UTF8*$!
{
	archiveVersion = 1;
	classes = {
	};
	objectVersion = 46;
	objects = {

/* Begin PBXBuildFile section */
		032E6EB114F3F4860072697A /* UIKit.framework in Frameworks */ = {isa = PBXBuildFile; fileRef = 032E6EB014F3F4860072697A /* UIKit.framework */; };
		032E6EB314F3F4860072697A /* Foundation.framework in Frameworks */ = {isa = PBXBuildFile; fileRef = 032E6EB214F3F4860072697A /* Foundation.framework */; };
		032E6EB514F3F4860072697A /* CoreGraphics.framework in Frameworks */ = {isa = PBXBuildFile; fileRef = 032E6EB414F3F4860072697A /* CoreGraphics.framework */; };
		032E6EBB14F3F4860072697A /* InfoPlist.strings in Resources */ = {isa = PBXBuildFile; fileRef = 032E6EB914F3F4860072697A /* InfoPlist.strings */; };
		032E6EBD14F3F4860072697A /* main.m in Sources */ = {isa = PBXBuildFile; fileRef = 032E6EBC14F3F4860072697A /* main.m */; };
		032E6EC114F3F4860072697A /* AppDelegate.m in Sources */ = {isa = PBXBuildFile; fileRef = 032E6EC014F3F4860072697A /* AppDelegate.m */; };
		032E6EC414F3F4860072697A /* MainStoryboard.storyboard in Resources */ = {isa = PBXBuildFile; fileRef = 032E6EC214F3F4860072697A /* MainStoryboard.storyboard */; };
		03435CF9154CE5CB00918F22 /* back.png in Resources */ = {isa = PBXBuildFile; fileRef = 03435CF7154CE5CB00918F22 /* back.png */; };
		03435CFA154CE5CB00918F22 /* back@2x.png in Resources */ = {isa = PBXBuildFile; fileRef = 03435CF8154CE5CB00918F22 /* back@2x.png */; };
		038DDB3E1524BB2F0003490B /* albumArt.png in Resources */ = {isa = PBXBuildFile; fileRef = 038DDB3C1524BB2F0003490B /* albumArt.png */; };
		038DDB3F1524BB2F0003490B /* albumArt@2x.png in Resources */ = {isa = PBXBuildFile; fileRef = 038DDB3D1524BB2F0003490B /* albumArt@2x.png */; };
		038DDB591524C45F0003490B /* reflectionmask.png in Resources */ = {isa = PBXBuildFile; fileRef = 038DDB571524C45F0003490B /* reflectionmask.png */; };
		038DDB5A1524C45F0003490B /* reflectionmask@2x.png in Resources */ = {isa = PBXBuildFile; fileRef = 038DDB581524C45F0003490B /* reflectionmask@2x.png */; };
		038DDB71152541B90003490B /* albums.png in Resources */ = {isa = PBXBuildFile; fileRef = 038DDB69152541B90003490B /* albums.png */; };
		038DDB72152541B90003490B /* albums@2x.png in Resources */ = {isa = PBXBuildFile; fileRef = 038DDB6A152541B90003490B /* albums@2x.png */; };
		038DDB73152541B90003490B /* artist.png in Resources */ = {isa = PBXBuildFile; fileRef = 038DDB6B152541B90003490B /* artist.png */; };
		038DDB74152541B90003490B /* artist@2x.png in Resources */ = {isa = PBXBuildFile; fileRef = 038DDB6C152541B90003490B /* artist@2x.png */; };
		038DDB75152541B90003490B /* playlist.png in Resources */ = {isa = PBXBuildFile; fileRef = 038DDB6D152541B90003490B /* playlist.png */; };
		038DDB76152541B90003490B /* playlist@2x.png in Resources */ = {isa = PBXBuildFile; fileRef = 038DDB6E152541B90003490B /* playlist@2x.png */; };
		038DDB77152541B90003490B /* settings.png in Resources */ = {isa = PBXBuildFile; fileRef = 038DDB6F152541B90003490B /* settings.png */; };
		038DDB78152541B90003490B /* settings@2x.png in Resources */ = {isa = PBXBuildFile; fileRef = 038DDB70152541B90003490B /* settings@2x.png */; };
		038DDB82152545F40003490B /* next.png in Resources */ = {isa = PBXBuildFile; fileRef = 038DDB7A152545F40003490B /* next.png */; };
		038DDB83152545F40003490B /* next@2x.png in Resources */ = {isa = PBXBuildFile; fileRef = 038DDB7B152545F40003490B /* next@2x.png */; };
		038DDB84152545F40003490B /* pause.png in Resources */ = {isa = PBXBuildFile; fileRef = 038DDB7C152545F40003490B /* pause.png */; };
		038DDB85152545F40003490B /* pause@2x.png in Resources */ = {isa = PBXBuildFile; fileRef = 038DDB7D152545F40003490B /* pause@2x.png */; };
		038DDB86152545F40003490B /* play.png in Resources */ = {isa = PBXBuildFile; fileRef = 038DDB7E152545F40003490B /* play.png */; };
		038DDB87152545F40003490B /* play@2x.png in Resources */ = {isa = PBXBuildFile; fileRef = 038DDB7F152545F40003490B /* play@2x.png */; };
		038DDB88152545F40003490B /* prev.png in Resources */ = {isa = PBXBuildFile; fileRef = 038DDB80152545F40003490B /* prev.png */; };
		038DDB89152545F40003490B /* prev@2x.png in Resources */ = {isa = PBXBuildFile; fileRef = 038DDB81152545F40003490B /* prev@2x.png */; };
		03A9B72E151F6DA1002ECD97 /* Settings.m in Sources */ = {isa = PBXBuildFile; fileRef = 03A9B72D151F6DA1002ECD97 /* Settings.m */; };
		03AEAD8E1544A3C300182328 /* CoreMedia.framework in Frameworks */ = {isa = PBXBuildFile; fileRef = 03AEAD8D1544A3C300182328 /* CoreMedia.framework */; };
		03AFFDA61556166B00A93E28 /* MKiCloudSync.m in Sources */ = {isa = PBXBuildFile; fileRef = 03AFFDA51556166B00A93E28 /* MKiCloudSync.m */; };
		03AFFDAC155616B600A93E28 /* SMWebRequest.m in Sources */ = {isa = PBXBuildFile; fileRef = 03AFFDAB155616B600A93E28 /* SMWebRequest.m */; settings = {COMPILER_FLAGS = "-fno-objc-arc"; }; };
		03AFFDAF155616C700A93E28 /* MBProgressHUD.m in Sources */ = {isa = PBXBuildFile; fileRef = 03AFFDAE155616C700A93E28 /* MBProgressHUD.m */; };
		03D8A0ED1502B54C00DA09D4 /* RSSParser.m in Sources */ = {isa = PBXBuildFile; fileRef = 03D8A0EC1502B54C00DA09D4 /* RSSParser.m */; };
		03EDBDBF1509800D0093C55C /* NowPlaying.m in Sources */ = {isa = PBXBuildFile; fileRef = 03EDBDBE1509800D0093C55C /* NowPlaying.m */; };
		03EE76D5154D9A7400A0057B /* nowplaying.png in Resources */ = {isa = PBXBuildFile; fileRef = 03EE76D3154D9A7400A0057B /* nowplaying.png */; };
		03EE76D6154D9A7400A0057B /* nowplaying@2x.png in Resources */ = {isa = PBXBuildFile; fileRef = 03EE76D4154D9A7400A0057B /* nowplaying@2x.png */; };
		03FAD29C152392D2006FFB40 /* controlbar.png in Resources */ = {isa = PBXBuildFile; fileRef = 03FAD29A152392D2006FFB40 /* controlbar.png */; };
		03FAD29D152392D2006FFB40 /* controlbar@2x.png in Resources */ = {isa = PBXBuildFile; fileRef = 03FAD29B152392D2006FFB40 /* controlbar@2x.png */; };
		03FAD2A4152393AE006FFB40 /* Default.png in Resources */ = {isa = PBXBuildFile; fileRef = 03FAD2A0152393AE006FFB40 /* Default.png */; };
		03FAD2A5152393AE006FFB40 /* Default@2x.png in Resources */ = {isa = PBXBuildFile; fileRef = 03FAD2A1152393AE006FFB40 /* Default@2x.png */; };
		03FAD2A6152393AE006FFB40 /* Icon.png in Resources */ = {isa = PBXBuildFile; fileRef = 03FAD2A2152393AE006FFB40 /* Icon.png */; };
		03FAD2A7152393AE006FFB40 /* Icon@2x.png in Resources */ = {isa = PBXBuildFile; fileRef = 03FAD2A3152393AE006FFB40 /* Icon@2x.png */; };
		03FAD2D11523CC10006FFB40 /* QuartzCore.framework in Frameworks */ = {isa = PBXBuildFile; fileRef = 03FAD2D01523CC10006FFB40 /* QuartzCore.framework */; };
		03FAD2DA1523EBF6006FFB40 /* iTunesArtwork in Resources */ = {isa = PBXBuildFile; fileRef = 03FAD2D91523EBF6006FFB40 /* iTunesArtwork */; };
		762D070B1512444A0015363A /* AVFoundation.framework in Frameworks */ = {isa = PBXBuildFile; fileRef = 762D070A1512444A0015363A /* AVFoundation.framework */; };
		76C8D312151CBDCC00A91966 /* Playlist.m in Sources */ = {isa = PBXBuildFile; fileRef = 76C8D311151CBDCC00A91966 /* Playlist.m */; };
		76C8D317151CBF7000A91966 /* PlaylistTableViewController.m in Sources */ = {isa = PBXBuildFile; fileRef = 76C8D315151CBF6F00A91966 /* PlaylistTableViewController.m */; };
		9E25DB77150299B5000766D7 /* ArtistTableViewController.m in Sources */ = {isa = PBXBuildFile; fileRef = 9E25DB76150299B5000766D7 /* ArtistTableViewController.m */; };
		9E63E09A150900B200DF04A0 /* Artist.m in Sources */ = {isa = PBXBuildFile; fileRef = 9E63E099150900B200DF04A0 /* Artist.m */; };
		9E63E09E1509046E00DF04A0 /* Album.m in Sources */ = {isa = PBXBuildFile; fileRef = 9E63E09D1509046E00DF04A0 /* Album.m */; };
		9E8ADD3915028CA7009EA4AA /* Error.m in Sources */ = {isa = PBXBuildFile; fileRef = 9E8ADD3815028CA7009EA4AA /* Error.m */; };
		9EA29E66150FBC8100C55A81 /* AlbumSongTableViewController.m in Sources */ = {isa = PBXBuildFile; fileRef = 9EA29E65150FBC8100C55A81 /* AlbumSongTableViewController.m */; };
		9EADDFB2151BA1470082425B /* AlbumMethodsTableViewController.m in Sources */ = {isa = PBXBuildFile; fileRef = 9EADDFB1151BA1470082425B /* AlbumMethodsTableViewController.m */; };
		9EB97E731517B69B00C18801 /* LoginViewController.m in Sources */ = {isa = PBXBuildFile; fileRef = 9EB97E721517B69B00C18801 /* LoginViewController.m */; };
		9EBF78F4150E7F4B00672257 /* Song.m in Sources */ = {isa = PBXBuildFile; fileRef = 9EBF78F3150E7F4B00672257 /* Song.m */; };
		9EFB4D0A1520F363006F8EDF /* MediaPlayer.framework in Frameworks */ = {isa = PBXBuildFile; fileRef = 9EFB4D091520F363006F8EDF /* MediaPlayer.framework */; };
/* End PBXBuildFile section */

/* Begin PBXFileReference section */
		032E6EAC14F3F4860072697A /* Hypersonic.app */ = {isa = PBXFileReference; explicitFileType = wrapper.application; includeInIndex = 0; path = Hypersonic.app; sourceTree = BUILT_PRODUCTS_DIR; };
		032E6EB014F3F4860072697A /* UIKit.framework */ = {isa = PBXFileReference; lastKnownFileType = wrapper.framework; name = UIKit.framework; path = System/Library/Frameworks/UIKit.framework; sourceTree = SDKROOT; };
		032E6EB214F3F4860072697A /* Foundation.framework */ = {isa = PBXFileReference; lastKnownFileType = wrapper.framework; name = Foundation.framework; path = System/Library/Frameworks/Foundation.framework; sourceTree = SDKROOT; };
		032E6EB414F3F4860072697A /* CoreGraphics.framework */ = {isa = PBXFileReference; lastKnownFileType = wrapper.framework; name = CoreGraphics.framework; path = System/Library/Frameworks/CoreGraphics.framework; sourceTree = SDKROOT; };
		032E6EB814F3F4860072697A /* Subsonic-Info.plist */ = {isa = PBXFileReference; lastKnownFileType = text.plist.xml; path = "Subsonic-Info.plist"; sourceTree = "<group>"; };
		032E6EBA14F3F4860072697A /* en */ = {isa = PBXFileReference; lastKnownFileType = text.plist.strings; name = en; path = en.lproj/InfoPlist.strings; sourceTree = "<group>"; };
		032E6EBC14F3F4860072697A /* main.m */ = {isa = PBXFileReference; lastKnownFileType = sourcecode.c.objc; path = main.m; sourceTree = "<group>"; };
		032E6EBE14F3F4860072697A /* Subsonic-Prefix.pch */ = {isa = PBXFileReference; lastKnownFileType = sourcecode.c.h; path = "Subsonic-Prefix.pch"; sourceTree = "<group>"; };
		032E6EBF14F3F4860072697A /* AppDelegate.h */ = {isa = PBXFileReference; lastKnownFileType = sourcecode.c.h; path = AppDelegate.h; sourceTree = "<group>"; };
		032E6EC014F3F4860072697A /* AppDelegate.m */ = {isa = PBXFileReference; lastKnownFileType = sourcecode.c.objc; path = AppDelegate.m; sourceTree = "<group>"; };
		032E6EC314F3F4860072697A /* en */ = {isa = PBXFileReference; lastKnownFileType = file.storyboard; name = en; path = en.lproj/MainStoryboard.storyboard; sourceTree = "<group>"; };
		03435CF7154CE5CB00918F22 /* back.png */ = {isa = PBXFileReference; lastKnownFileType = image.png; name = back.png; path = Resources/back.png; sourceTree = SOURCE_ROOT; };
		03435CF8154CE5CB00918F22 /* back@2x.png */ = {isa = PBXFileReference; lastKnownFileType = image.png; name = "back@2x.png"; path = "Resources/back@2x.png"; sourceTree = SOURCE_ROOT; };
		038DDB3C1524BB2F0003490B /* albumArt.png */ = {isa = PBXFileReference; lastKnownFileType = image.png; name = albumArt.png; path = Resources/albumArt.png; sourceTree = "<group>"; };
		038DDB3D1524BB2F0003490B /* albumArt@2x.png */ = {isa = PBXFileReference; lastKnownFileType = image.png; name = "albumArt@2x.png"; path = "Resources/albumArt@2x.png"; sourceTree = "<group>"; };
		038DDB571524C45F0003490B /* reflectionmask.png */ = {isa = PBXFileReference; lastKnownFileType = image.png; name = reflectionmask.png; path = Resources/reflectionmask.png; sourceTree = "<group>"; };
		038DDB581524C45F0003490B /* reflectionmask@2x.png */ = {isa = PBXFileReference; lastKnownFileType = image.png; name = "reflectionmask@2x.png"; path = "Resources/reflectionmask@2x.png"; sourceTree = "<group>"; };
		038DDB69152541B90003490B /* albums.png */ = {isa = PBXFileReference; lastKnownFileType = image.png; name = albums.png; path = Resources/albums.png; sourceTree = "<group>"; };
		038DDB6A152541B90003490B /* albums@2x.png */ = {isa = PBXFileReference; lastKnownFileType = image.png; name = "albums@2x.png"; path = "Resources/albums@2x.png"; sourceTree = "<group>"; };
		038DDB6B152541B90003490B /* artist.png */ = {isa = PBXFileReference; lastKnownFileType = image.png; name = artist.png; path = Resources/artist.png; sourceTree = "<group>"; };
		038DDB6C152541B90003490B /* artist@2x.png */ = {isa = PBXFileReference; lastKnownFileType = image.png; name = "artist@2x.png"; path = "Resources/artist@2x.png"; sourceTree = "<group>"; };
		038DDB6D152541B90003490B /* playlist.png */ = {isa = PBXFileReference; lastKnownFileType = image.png; name = playlist.png; path = Resources/playlist.png; sourceTree = "<group>"; };
		038DDB6E152541B90003490B /* playlist@2x.png */ = {isa = PBXFileReference; lastKnownFileType = image.png; name = "playlist@2x.png"; path = "Resources/playlist@2x.png"; sourceTree = "<group>"; };
		038DDB6F152541B90003490B /* settings.png */ = {isa = PBXFileReference; lastKnownFileType = image.png; name = settings.png; path = Resources/settings.png; sourceTree = "<group>"; };
		038DDB70152541B90003490B /* settings@2x.png */ = {isa = PBXFileReference; lastKnownFileType = image.png; name = "settings@2x.png"; path = "Resources/settings@2x.png"; sourceTree = "<group>"; };
		038DDB7A152545F40003490B /* next.png */ = {isa = PBXFileReference; lastKnownFileType = image.png; name = next.png; path = Resources/next.png; sourceTree = "<group>"; };
		038DDB7B152545F40003490B /* next@2x.png */ = {isa = PBXFileReference; lastKnownFileType = image.png; name = "next@2x.png"; path = "Resources/next@2x.png"; sourceTree = "<group>"; };
		038DDB7C152545F40003490B /* pause.png */ = {isa = PBXFileReference; lastKnownFileType = image.png; name = pause.png; path = Resources/pause.png; sourceTree = "<group>"; };
		038DDB7D152545F40003490B /* pause@2x.png */ = {isa = PBXFileReference; lastKnownFileType = image.png; name = "pause@2x.png"; path = "Resources/pause@2x.png"; sourceTree = "<group>"; };
		038DDB7E152545F40003490B /* play.png */ = {isa = PBXFileReference; lastKnownFileType = image.png; name = play.png; path = Resources/play.png; sourceTree = "<group>"; };
		038DDB7F152545F40003490B /* play@2x.png */ = {isa = PBXFileReference; lastKnownFileType = image.png; name = "play@2x.png"; path = "Resources/play@2x.png"; sourceTree = "<group>"; };
		038DDB80152545F40003490B /* prev.png */ = {isa = PBXFileReference; lastKnownFileType = image.png; name = prev.png; path = Resources/prev.png; sourceTree = "<group>"; };
		038DDB81152545F40003490B /* prev@2x.png */ = {isa = PBXFileReference; lastKnownFileType = image.png; name = "prev@2x.png"; path = "Resources/prev@2x.png"; sourceTree = "<group>"; };
		03A9B72C151F6DA1002ECD97 /* Settings.h */ = {isa = PBXFileReference; fileEncoding = 4; lastKnownFileType = sourcecode.c.h; path = Settings.h; sourceTree = "<group>"; };
		03A9B72D151F6DA1002ECD97 /* Settings.m */ = {isa = PBXFileReference; fileEncoding = 4; lastKnownFileType = sourcecode.c.objc; path = Settings.m; sourceTree = "<group>"; };
		03AEAD8D1544A3C300182328 /* CoreMedia.framework */ = {isa = PBXFileReference; lastKnownFileType = wrapper.framework; name = CoreMedia.framework; path = System/Library/Frameworks/CoreMedia.framework; sourceTree = SDKROOT; };
		03AFFDA31556165D00A93E28 /* MKiCloudSync.h */ = {isa = PBXFileReference; fileEncoding = 4; lastKnownFileType = sourcecode.c.h; name = MKiCloudSync.h; path = Libraries/MKiCloudSync/MKiCloudSync.h; sourceTree = "<group>"; };
		03AFFDA51556166B00A93E28 /* MKiCloudSync.m */ = {isa = PBXFileReference; fileEncoding = 4; lastKnownFileType = sourcecode.c.objc; name = MKiCloudSync.m; path = Libraries/MKiCloudSync/MKiCloudSync.m; sourceTree = "<group>"; };
		03AFFDAA155616B600A93E28 /* SMWebRequest.h */ = {isa = PBXFileReference; fileEncoding = 4; lastKnownFileType = sourcecode.c.h; name = SMWebRequest.h; path = Libraries/SMWebRequest/SMWebRequest.h; sourceTree = "<group>"; };
		03AFFDAB155616B600A93E28 /* SMWebRequest.m */ = {isa = PBXFileReference; fileEncoding = 4; lastKnownFileType = sourcecode.c.objc; name = SMWebRequest.m; path = Libraries/SMWebRequest/SMWebRequest.m; sourceTree = "<group>"; };
		03AFFDAD155616C700A93E28 /* MBProgressHUD.h */ = {isa = PBXFileReference; fileEncoding = 4; lastKnownFileType = sourcecode.c.h; name = MBProgressHUD.h; path = Libraries/MBProgressHUD/MBProgressHUD.h; sourceTree = "<group>"; };
		03AFFDAE155616C700A93E28 /* MBProgressHUD.m */ = {isa = PBXFileReference; fileEncoding = 4; lastKnownFileType = sourcecode.c.objc; name = MBProgressHUD.m; path = Libraries/MBProgressHUD/MBProgressHUD.m; sourceTree = "<group>"; };
		03D8A0EB1502B54C00DA09D4 /* RSSParser.h */ = {isa = PBXFileReference; fileEncoding = 4; lastKnownFileType = sourcecode.c.h; path = RSSParser.h; sourceTree = "<group>"; };
		03D8A0EC1502B54C00DA09D4 /* RSSParser.m */ = {isa = PBXFileReference; fileEncoding = 4; lastKnownFileType = sourcecode.c.objc; path = RSSParser.m; sourceTree = "<group>"; };
		03EDBDBD1509800D0093C55C /* NowPlaying.h */ = {isa = PBXFileReference; fileEncoding = 4; lastKnownFileType = sourcecode.c.h; path = NowPlaying.h; sourceTree = "<group>"; };
		03EDBDBE1509800D0093C55C /* NowPlaying.m */ = {isa = PBXFileReference; fileEncoding = 4; lastKnownFileType = sourcecode.c.objc; path = NowPlaying.m; sourceTree = "<group>"; };
		03EE76D3154D9A7400A0057B /* nowplaying.png */ = {isa = PBXFileReference; lastKnownFileType = image.png; name = nowplaying.png; path = Resources/nowplaying.png; sourceTree = "<group>"; };
		03EE76D4154D9A7400A0057B /* nowplaying@2x.png */ = {isa = PBXFileReference; lastKnownFileType = image.png; name = "nowplaying@2x.png"; path = "Resources/nowplaying@2x.png"; sourceTree = "<group>"; };
		03FAD29A152392D2006FFB40 /* controlbar.png */ = {isa = PBXFileReference; lastKnownFileType = image.png; name = controlbar.png; path = Resources/controlbar.png; sourceTree = "<group>"; };
		03FAD29B152392D2006FFB40 /* controlbar@2x.png */ = {isa = PBXFileReference; lastKnownFileType = image.png; name = "controlbar@2x.png"; path = "Resources/controlbar@2x.png"; sourceTree = "<group>"; };
		03FAD2A0152393AE006FFB40 /* Default.png */ = {isa = PBXFileReference; lastKnownFileType = image.png; name = Default.png; path = Resources/Default.png; sourceTree = "<group>"; };
		03FAD2A1152393AE006FFB40 /* Default@2x.png */ = {isa = PBXFileReference; lastKnownFileType = image.png; name = "Default@2x.png"; path = "Resources/Default@2x.png"; sourceTree = "<group>"; };
		03FAD2A2152393AE006FFB40 /* Icon.png */ = {isa = PBXFileReference; lastKnownFileType = image.png; name = Icon.png; path = Resources/Icon.png; sourceTree = "<group>"; };
		03FAD2A3152393AE006FFB40 /* Icon@2x.png */ = {isa = PBXFileReference; lastKnownFileType = image.png; name = "Icon@2x.png"; path = "Resources/Icon@2x.png"; sourceTree = "<group>"; };
		03FAD2D01523CC10006FFB40 /* QuartzCore.framework */ = {isa = PBXFileReference; lastKnownFileType = wrapper.framework; name = QuartzCore.framework; path = System/Library/Frameworks/QuartzCore.framework; sourceTree = SDKROOT; };
		03FAD2D91523EBF6006FFB40 /* iTunesArtwork */ = {isa = PBXFileReference; lastKnownFileType = file; name = iTunesArtwork; path = Resources/iTunesArtwork; sourceTree = "<group>"; };
		41C82FB01545F338009D618D /* Hypersonic.entitlements */ = {isa = PBXFileReference; lastKnownFileType = text.xml; path = Hypersonic.entitlements; sourceTree = "<group>"; };
		762D070A1512444A0015363A /* AVFoundation.framework */ = {isa = PBXFileReference; lastKnownFileType = wrapper.framework; name = AVFoundation.framework; path = System/Library/Frameworks/AVFoundation.framework; sourceTree = SDKROOT; };
		76C8D310151CBDCB00A91966 /* Playlist.h */ = {isa = PBXFileReference; fileEncoding = 4; lastKnownFileType = sourcecode.c.h; path = Playlist.h; sourceTree = "<group>"; };
		76C8D311151CBDCC00A91966 /* Playlist.m */ = {isa = PBXFileReference; fileEncoding = 4; lastKnownFileType = sourcecode.c.objc; path = Playlist.m; sourceTree = "<group>"; };
		76C8D314151CBF6F00A91966 /* PlaylistTableViewController.h */ = {isa = PBXFileReference; fileEncoding = 4; lastKnownFileType = sourcecode.c.h; path = PlaylistTableViewController.h; sourceTree = "<group>"; };
		76C8D315151CBF6F00A91966 /* PlaylistTableViewController.m */ = {isa = PBXFileReference; fileEncoding = 4; lastKnownFileType = sourcecode.c.objc; path = PlaylistTableViewController.m; sourceTree = "<group>"; };
		9E25DB75150299B5000766D7 /* ArtistTableViewController.h */ = {isa = PBXFileReference; fileEncoding = 4; lastKnownFileType = sourcecode.c.h; path = ArtistTableViewController.h; sourceTree = "<group>"; };
		9E25DB76150299B5000766D7 /* ArtistTableViewController.m */ = {isa = PBXFileReference; fileEncoding = 4; lastKnownFileType = sourcecode.c.objc; path = ArtistTableViewController.m; sourceTree = "<group>"; };
		9E63E098150900B200DF04A0 /* Artist.h */ = {isa = PBXFileReference; fileEncoding = 4; lastKnownFileType = sourcecode.c.h; path = Artist.h; sourceTree = "<group>"; };
		9E63E099150900B200DF04A0 /* Artist.m */ = {isa = PBXFileReference; fileEncoding = 4; lastKnownFileType = sourcecode.c.objc; path = Artist.m; sourceTree = "<group>"; };
		9E63E09C1509046E00DF04A0 /* Album.h */ = {isa = PBXFileReference; fileEncoding = 4; lastKnownFileType = sourcecode.c.h; path = Album.h; sourceTree = "<group>"; };
		9E63E09D1509046E00DF04A0 /* Album.m */ = {isa = PBXFileReference; fileEncoding = 4; lastKnownFileType = sourcecode.c.objc; path = Album.m; sourceTree = "<group>"; };
		9E8ADD3715028CA7009EA4AA /* Error.h */ = {isa = PBXFileReference; fileEncoding = 4; lastKnownFileType = sourcecode.c.h; path = Error.h; sourceTree = "<group>"; };
		9E8ADD3815028CA7009EA4AA /* Error.m */ = {isa = PBXFileReference; fileEncoding = 4; lastKnownFileType = sourcecode.c.objc; path = Error.m; sourceTree = "<group>"; };
		9EA29E64150FBC8100C55A81 /* AlbumSongTableViewController.h */ = {isa = PBXFileReference; fileEncoding = 4; lastKnownFileType = sourcecode.c.h; path = AlbumSongTableViewController.h; sourceTree = "<group>"; };
		9EA29E65150FBC8100C55A81 /* AlbumSongTableViewController.m */ = {isa = PBXFileReference; fileEncoding = 4; lastKnownFileType = sourcecode.c.objc; path = AlbumSongTableViewController.m; sourceTree = "<group>"; };
		9EADDFB0151BA1470082425B /* AlbumMethodsTableViewController.h */ = {isa = PBXFileReference; fileEncoding = 4; lastKnownFileType = sourcecode.c.h; path = AlbumMethodsTableViewController.h; sourceTree = "<group>"; };
		9EADDFB1151BA1470082425B /* AlbumMethodsTableViewController.m */ = {isa = PBXFileReference; fileEncoding = 4; lastKnownFileType = sourcecode.c.objc; path = AlbumMethodsTableViewController.m; sourceTree = "<group>"; };
		9EB97E711517B69A00C18801 /* LoginViewController.h */ = {isa = PBXFileReference; fileEncoding = 4; lastKnownFileType = sourcecode.c.h; path = LoginViewController.h; sourceTree = "<group>"; };
		9EB97E721517B69B00C18801 /* LoginViewController.m */ = {isa = PBXFileReference; fileEncoding = 4; lastKnownFileType = sourcecode.c.objc; path = LoginViewController.m; sourceTree = "<group>"; };
		9EBF78F2150E7F4B00672257 /* Song.h */ = {isa = PBXFileReference; fileEncoding = 4; lastKnownFileType = sourcecode.c.h; path = Song.h; sourceTree = "<group>"; };
		9EBF78F3150E7F4B00672257 /* Song.m */ = {isa = PBXFileReference; fileEncoding = 4; lastKnownFileType = sourcecode.c.objc; path = Song.m; sourceTree = "<group>"; };
		9EFB4D091520F363006F8EDF /* MediaPlayer.framework */ = {isa = PBXFileReference; lastKnownFileType = wrapper.framework; name = MediaPlayer.framework; path = System/Library/Frameworks/MediaPlayer.framework; sourceTree = SDKROOT; };
/* End PBXFileReference section */

/* Begin PBXFrameworksBuildPhase section */
		032E6EA914F3F4860072697A /* Frameworks */ = {
			isa = PBXFrameworksBuildPhase;
			buildActionMask = 2147483647;
			files = (
				03AEAD8E1544A3C300182328 /* CoreMedia.framework in Frameworks */,
				03FAD2D11523CC10006FFB40 /* QuartzCore.framework in Frameworks */,
				9EFB4D0A1520F363006F8EDF /* MediaPlayer.framework in Frameworks */,
				762D070B1512444A0015363A /* AVFoundation.framework in Frameworks */,
				032E6EB114F3F4860072697A /* UIKit.framework in Frameworks */,
				032E6EB314F3F4860072697A /* Foundation.framework in Frameworks */,
				032E6EB514F3F4860072697A /* CoreGraphics.framework in Frameworks */,
			);
			runOnlyForDeploymentPostprocessing = 0;
		};
/* End PBXFrameworksBuildPhase section */

/* Begin PBXGroup section */
		032E6EA114F3F4860072697A = {
			isa = PBXGroup;
			children = (
				41C82FB01545F338009D618D /* Hypersonic.entitlements */,
				0368CD1815462DAA003777F7 /* Libraries */,
				03FAD29F152392DB006FFB40 /* Resources */,
				032E6EB614F3F4860072697A /* Subsonic */,
				032E6EAF14F3F4860072697A /* Frameworks */,
				032E6EAD14F3F4860072697A /* Products */,
			);
			sourceTree = "<group>";
		};
		032E6EAD14F3F4860072697A /* Products */ = {
			isa = PBXGroup;
			children = (
				032E6EAC14F3F4860072697A /* Hypersonic.app */,
			);
			name = Products;
			sourceTree = "<group>";
		};
		032E6EAF14F3F4860072697A /* Frameworks */ = {
			isa = PBXGroup;
			children = (
				03AEAD8D1544A3C300182328 /* CoreMedia.framework */,
				03FAD2D01523CC10006FFB40 /* QuartzCore.framework */,
				9EFB4D091520F363006F8EDF /* MediaPlayer.framework */,
				762D070A1512444A0015363A /* AVFoundation.framework */,
				032E6EB014F3F4860072697A /* UIKit.framework */,
				032E6EB214F3F4860072697A /* Foundation.framework */,
				032E6EB414F3F4860072697A /* CoreGraphics.framework */,
			);
			name = Frameworks;
			sourceTree = "<group>";
		};
		032E6EB614F3F4860072697A /* Subsonic */ = {
			isa = PBXGroup;
			children = (
				032E6EBF14F3F4860072697A /* AppDelegate.h */,
				032E6EC014F3F4860072697A /* AppDelegate.m */,
				9EB97E711517B69A00C18801 /* LoginViewController.h */,
				9EB97E721517B69B00C18801 /* LoginViewController.m */,
				032E6EC214F3F4860072697A /* MainStoryboard.storyboard */,
				03A9B72C151F6DA1002ECD97 /* Settings.h */,
				03A9B72D151F6DA1002ECD97 /* Settings.m */,
				9EADDFB0151BA1470082425B /* AlbumMethodsTableViewController.h */,
				9EADDFB1151BA1470082425B /* AlbumMethodsTableViewController.m */,
				03EDBDBD1509800D0093C55C /* NowPlaying.h */,
				03EDBDBE1509800D0093C55C /* NowPlaying.m */,
				9E25DB75150299B5000766D7 /* ArtistTableViewController.h */,
				9E25DB76150299B5000766D7 /* ArtistTableViewController.m */,
				9EA29E64150FBC8100C55A81 /* AlbumSongTableViewController.h */,
				9EA29E65150FBC8100C55A81 /* AlbumSongTableViewController.m */,
				76C8D314151CBF6F00A91966 /* PlaylistTableViewController.h */,
				76C8D315151CBF6F00A91966 /* PlaylistTableViewController.m */,
				03D8A0EB1502B54C00DA09D4 /* RSSParser.h */,
				03D8A0EC1502B54C00DA09D4 /* RSSParser.m */,
				038DDB601524F5810003490B /* Objects */,
				032E6EB714F3F4860072697A /* Supporting Files */,
			);
			path = Subsonic;
			sourceTree = "<group>";
		};
		032E6EB714F3F4860072697A /* Supporting Files */ = {
			isa = PBXGroup;
			children = (
				032E6EB814F3F4860072697A /* Subsonic-Info.plist */,
				032E6EB914F3F4860072697A /* InfoPlist.strings */,
				032E6EBC14F3F4860072697A /* main.m */,
				032E6EBE14F3F4860072697A /* Subsonic-Prefix.pch */,
			);
			name = "Supporting Files";
			sourceTree = "<group>";
		};
		0368CD1815462DAA003777F7 /* Libraries */ = {
			isa = PBXGroup;
			children = (
				03AFFDA91556169D00A93E28 /* SMWebRequest */,
				03AFFDA81556169100A93E28 /* MBProgressHUD */,
				03AFFDA71556167900A93E28 /* MKiCloudSync */,
			);
			name = Libraries;
			sourceTree = "<group>";
		};
		038DDB601524F5810003490B /* Objects */ = {
			isa = PBXGroup;
			children = (
				9E8ADD3715028CA7009EA4AA /* Error.h */,
				9E8ADD3815028CA7009EA4AA /* Error.m */,
				76C8D310151CBDCB00A91966 /* Playlist.h */,
				76C8D311151CBDCC00A91966 /* Playlist.m */,
				9EBF78F2150E7F4B00672257 /* Song.h */,
				9EBF78F3150E7F4B00672257 /* Song.m */,
				9E63E09C1509046E00DF04A0 /* Album.h */,
				9E63E09D1509046E00DF04A0 /* Album.m */,
				9E63E098150900B200DF04A0 /* Artist.h */,
				9E63E099150900B200DF04A0 /* Artist.m */,
			);
			name = Objects;
			sourceTree = "<group>";
		};
		03AFFDA71556167900A93E28 /* MKiCloudSync */ = {
			isa = PBXGroup;
			children = (
				03AFFDA31556165D00A93E28 /* MKiCloudSync.h */,
				03AFFDA51556166B00A93E28 /* MKiCloudSync.m */,
			);
			name = MKiCloudSync;
			sourceTree = "<group>";
		};
		03AFFDA81556169100A93E28 /* MBProgressHUD */ = {
			isa = PBXGroup;
			children = (
				03AFFDAD155616C700A93E28 /* MBProgressHUD.h */,
				03AFFDAE155616C700A93E28 /* MBProgressHUD.m */,
			);
			name = MBProgressHUD;
			sourceTree = "<group>";
		};
		03AFFDA91556169D00A93E28 /* SMWebRequest */ = {
			isa = PBXGroup;
			children = (
				03AFFDAA155616B600A93E28 /* SMWebRequest.h */,
				03AFFDAB155616B600A93E28 /* SMWebRequest.m */,
			);
			name = SMWebRequest;
			sourceTree = "<group>";
		};
		03FAD29F152392DB006FFB40 /* Resources */ = {
			isa = PBXGroup;
			children = (
				03EE76D3154D9A7400A0057B /* nowplaying.png */,
				03EE76D4154D9A7400A0057B /* nowplaying@2x.png */,
				03435CF7154CE5CB00918F22 /* back.png */,
				03435CF8154CE5CB00918F22 /* back@2x.png */,
				038DDB7A152545F40003490B /* next.png */,
				038DDB7B152545F40003490B /* next@2x.png */,
				038DDB7C152545F40003490B /* pause.png */,
				038DDB7D152545F40003490B /* pause@2x.png */,
				038DDB7E152545F40003490B /* play.png */,
				038DDB7F152545F40003490B /* play@2x.png */,
				038DDB80152545F40003490B /* prev.png */,
				038DDB81152545F40003490B /* prev@2x.png */,
				038DDB69152541B90003490B /* albums.png */,
				038DDB6A152541B90003490B /* albums@2x.png */,
				038DDB6B152541B90003490B /* artist.png */,
				038DDB6C152541B90003490B /* artist@2x.png */,
				038DDB6D152541B90003490B /* playlist.png */,
				038DDB6E152541B90003490B /* playlist@2x.png */,
				038DDB6F152541B90003490B /* settings.png */,
				038DDB70152541B90003490B /* settings@2x.png */,
				038DDB571524C45F0003490B /* reflectionmask.png */,
				038DDB581524C45F0003490B /* reflectionmask@2x.png */,
				038DDB3C1524BB2F0003490B /* albumArt.png */,
				038DDB3D1524BB2F0003490B /* albumArt@2x.png */,
				03FAD2D91523EBF6006FFB40 /* iTunesArtwork */,
				03FAD2A0152393AE006FFB40 /* Default.png */,
				03FAD2A1152393AE006FFB40 /* Default@2x.png */,
				03FAD2A2152393AE006FFB40 /* Icon.png */,
				03FAD2A3152393AE006FFB40 /* Icon@2x.png */,
				03FAD29A152392D2006FFB40 /* controlbar.png */,
				03FAD29B152392D2006FFB40 /* controlbar@2x.png */,
			);
			name = Resources;
			sourceTree = "<group>";
		};
/* End PBXGroup section */

/* Begin PBXNativeTarget section */
		032E6EAB14F3F4860072697A /* Hypersonic */ = {
			isa = PBXNativeTarget;
			buildConfigurationList = 032E6ED514F3F4870072697A /* Build configuration list for PBXNativeTarget "Hypersonic" */;
			buildPhases = (
				032E6EA814F3F4860072697A /* Sources */,
				032E6EA914F3F4860072697A /* Frameworks */,
				032E6EAA14F3F4860072697A /* Resources */,
			);
			buildRules = (
			);
			dependencies = (
			);
			name = Hypersonic;
			productName = Subsonic;
			productReference = 032E6EAC14F3F4860072697A /* Hypersonic.app */;
			productType = "com.apple.product-type.application";
		};
/* End PBXNativeTarget section */

/* Begin PBXProject section */
		032E6EA314F3F4860072697A /* Project object */ = {
			isa = PBXProject;
			attributes = {
				LastUpgradeCheck = 0420;
			};
			buildConfigurationList = 032E6EA614F3F4860072697A /* Build configuration list for PBXProject "Subsonic" */;
			compatibilityVersion = "Xcode 3.2";
			developmentRegion = English;
			hasScannedForEncodings = 0;
			knownRegions = (
				en,
			);
			mainGroup = 032E6EA114F3F4860072697A;
			productRefGroup = 032E6EAD14F3F4860072697A /* Products */;
			projectDirPath = "";
			projectRoot = "";
			targets = (
				032E6EAB14F3F4860072697A /* Hypersonic */,
			);
		};
/* End PBXProject section */

/* Begin PBXResourcesBuildPhase section */
		032E6EAA14F3F4860072697A /* Resources */ = {
			isa = PBXResourcesBuildPhase;
			buildActionMask = 2147483647;
			files = (
				032E6EBB14F3F4860072697A /* InfoPlist.strings in Resources */,
				032E6EC414F3F4860072697A /* MainStoryboard.storyboard in Resources */,
				03FAD29C152392D2006FFB40 /* controlbar.png in Resources */,
				03FAD29D152392D2006FFB40 /* controlbar@2x.png in Resources */,
				03FAD2A4152393AE006FFB40 /* Default.png in Resources */,
				03FAD2A5152393AE006FFB40 /* Default@2x.png in Resources */,
				03FAD2A6152393AE006FFB40 /* Icon.png in Resources */,
				03FAD2A7152393AE006FFB40 /* Icon@2x.png in Resources */,
				03FAD2DA1523EBF6006FFB40 /* iTunesArtwork in Resources */,
				038DDB3E1524BB2F0003490B /* albumArt.png in Resources */,
				038DDB3F1524BB2F0003490B /* albumArt@2x.png in Resources */,
				038DDB591524C45F0003490B /* reflectionmask.png in Resources */,
				038DDB5A1524C45F0003490B /* reflectionmask@2x.png in Resources */,
				038DDB71152541B90003490B /* albums.png in Resources */,
				038DDB72152541B90003490B /* albums@2x.png in Resources */,
				038DDB73152541B90003490B /* artist.png in Resources */,
				038DDB74152541B90003490B /* artist@2x.png in Resources */,
				038DDB75152541B90003490B /* playlist.png in Resources */,
				038DDB76152541B90003490B /* playlist@2x.png in Resources */,
				038DDB77152541B90003490B /* settings.png in Resources */,
				038DDB78152541B90003490B /* settings@2x.png in Resources */,
				038DDB82152545F40003490B /* next.png in Resources */,
				038DDB83152545F40003490B /* next@2x.png in Resources */,
				038DDB84152545F40003490B /* pause.png in Resources */,
				038DDB85152545F40003490B /* pause@2x.png in Resources */,
				038DDB86152545F40003490B /* play.png in Resources */,
				038DDB87152545F40003490B /* play@2x.png in Resources */,
				038DDB88152545F40003490B /* prev.png in Resources */,
				038DDB89152545F40003490B /* prev@2x.png in Resources */,
				03435CF9154CE5CB00918F22 /* back.png in Resources */,
				03435CFA154CE5CB00918F22 /* back@2x.png in Resources */,
				03EE76D5154D9A7400A0057B /* nowplaying.png in Resources */,
				03EE76D6154D9A7400A0057B /* nowplaying@2x.png in Resources */,
			);
			runOnlyForDeploymentPostprocessing = 0;
		};
/* End PBXResourcesBuildPhase section */

/* Begin PBXSourcesBuildPhase section */
		032E6EA814F3F4860072697A /* Sources */ = {
			isa = PBXSourcesBuildPhase;
			buildActionMask = 2147483647;
			files = (
				032E6EBD14F3F4860072697A /* main.m in Sources */,
				032E6EC114F3F4860072697A /* AppDelegate.m in Sources */,
				9E8ADD3915028CA7009EA4AA /* Error.m in Sources */,
				9E25DB77150299B5000766D7 /* ArtistTableViewController.m in Sources */,
				03D8A0ED1502B54C00DA09D4 /* RSSParser.m in Sources */,
				9E63E09A150900B200DF04A0 /* Artist.m in Sources */,
				9E63E09E1509046E00DF04A0 /* Album.m in Sources */,
				03EDBDBF1509800D0093C55C /* NowPlaying.m in Sources */,
				9EBF78F4150E7F4B00672257 /* Song.m in Sources */,
				9EA29E66150FBC8100C55A81 /* AlbumSongTableViewController.m in Sources */,
				9EB97E731517B69B00C18801 /* LoginViewController.m in Sources */,
				9EADDFB2151BA1470082425B /* AlbumMethodsTableViewController.m in Sources */,
				76C8D312151CBDCC00A91966 /* Playlist.m in Sources */,
				76C8D317151CBF7000A91966 /* PlaylistTableViewController.m in Sources */,
				03A9B72E151F6DA1002ECD97 /* Settings.m in Sources */,
				03AFFDA61556166B00A93E28 /* MKiCloudSync.m in Sources */,
				03AFFDAC155616B600A93E28 /* SMWebRequest.m in Sources */,
				03AFFDAF155616C700A93E28 /* MBProgressHUD.m in Sources */,
			);
			runOnlyForDeploymentPostprocessing = 0;
		};
/* End PBXSourcesBuildPhase section */

/* Begin PBXVariantGroup section */
		032E6EB914F3F4860072697A /* InfoPlist.strings */ = {
			isa = PBXVariantGroup;
			children = (
				032E6EBA14F3F4860072697A /* en */,
			);
			name = InfoPlist.strings;
			sourceTree = "<group>";
		};
		032E6EC214F3F4860072697A /* MainStoryboard.storyboard */ = {
			isa = PBXVariantGroup;
			children = (
				032E6EC314F3F4860072697A /* en */,
			);
			name = MainStoryboard.storyboard;
			sourceTree = "<group>";
		};
/* End PBXVariantGroup section */

/* Begin XCBuildConfiguration section */
		032E6ED314F3F4860072697A /* Debug */ = {
			isa = XCBuildConfiguration;
			buildSettings = {
				ALWAYS_SEARCH_USER_PATHS = NO;
				ARCHS = "$(ARCHS_STANDARD_32_BIT)";
				CLANG_ENABLE_OBJC_ARC = YES;
				CODE_SIGN_IDENTITY = "iPhone Distribution: Joshua Betz";
				"CODE_SIGN_IDENTITY[sdk=iphoneos*]" = "iPhone Developer";
				COPY_PHASE_STRIP = NO;
				GCC_C_LANGUAGE_STANDARD = gnu99;
				GCC_DYNAMIC_NO_PIC = NO;
				GCC_OPTIMIZATION_LEVEL = 0;
				GCC_PREPROCESSOR_DEFINITIONS = (
					"DEBUG=1",
					"$(inherited)",
				);
				GCC_SYMBOLS_PRIVATE_EXTERN = NO;
				GCC_VERSION = com.apple.compilers.llvm.clang.1_0;
				GCC_WARN_ABOUT_MISSING_PROTOTYPES = YES;
				GCC_WARN_ABOUT_RETURN_TYPE = YES;
				GCC_WARN_UNUSED_VARIABLE = YES;
				IPHONEOS_DEPLOYMENT_TARGET = 5.0;
				PROVISIONING_PROFILE = "B8739897-55D0-4C1C-A641-AEBECEC89694";
				SDKROOT = iphoneos;
			};
			name = Debug;
		};
		032E6ED414F3F4860072697A /* Release */ = {
			isa = XCBuildConfiguration;
			buildSettings = {
				ALWAYS_SEARCH_USER_PATHS = NO;
				ARCHS = "$(ARCHS_STANDARD_32_BIT)";
				CLANG_ENABLE_OBJC_ARC = YES;
				CODE_SIGN_IDENTITY = "iPhone Distribution: Joshua Betz";
				"CODE_SIGN_IDENTITY[sdk=iphoneos*]" = "iPhone Developer";
				COPY_PHASE_STRIP = YES;
				GCC_C_LANGUAGE_STANDARD = gnu99;
				GCC_VERSION = com.apple.compilers.llvm.clang.1_0;
				GCC_WARN_ABOUT_MISSING_PROTOTYPES = YES;
				GCC_WARN_ABOUT_RETURN_TYPE = YES;
				GCC_WARN_UNUSED_VARIABLE = YES;
				IPHONEOS_DEPLOYMENT_TARGET = 5.0;
				OTHER_CFLAGS = "-DNS_BLOCK_ASSERTIONS=1";
				PROVISIONING_PROFILE = "B8739897-55D0-4C1C-A641-AEBECEC89694";
				SDKROOT = iphoneos;
				VALIDATE_PRODUCT = YES;
			};
			name = Release;
		};
		032E6ED614F3F4870072697A /* Debug */ = {
			isa = XCBuildConfiguration;
			buildSettings = {
				CODE_SIGN_ENTITLEMENTS = Hypersonic.entitlements;
				CODE_SIGN_IDENTITY = "iPhone Distribution";
				GCC_PRECOMPILE_PREFIX_HEADER = YES;
				GCC_PREFIX_HEADER = "Subsonic/Subsonic-Prefix.pch";
				INFOPLIST_FILE = "Subsonic/Subsonic-Info.plist";
				PRODUCT_NAME = "$(TARGET_NAME)";
				PROVISIONING_PROFILE = "";
				WRAPPER_EXTENSION = app;
			};
			name = Debug;
		};
		032E6ED714F3F4870072697A /* Release */ = {
			isa = XCBuildConfiguration;
			buildSettings = {
				CODE_SIGN_ENTITLEMENTS = Hypersonic.entitlements;
				CODE_SIGN_IDENTITY = "iPhone Distribution";
				GCC_PRECOMPILE_PREFIX_HEADER = YES;
				GCC_PREFIX_HEADER = "Subsonic/Subsonic-Prefix.pch";
				INFOPLIST_FILE = "Subsonic/Subsonic-Info.plist";
				PRODUCT_NAME = "$(TARGET_NAME)";
				PROVISIONING_PROFILE = "";
				WRAPPER_EXTENSION = app;
			};
			name = Release;
		};
		0395A594155985AA001ED614 /* App Store */ = {
			isa = XCBuildConfiguration;
			buildSettings = {
				ALWAYS_SEARCH_USER_PATHS = NO;
				ARCHS = "$(ARCHS_STANDARD_32_BIT)";
				CLANG_ENABLE_OBJC_ARC = YES;
				CODE_SIGN_IDENTITY = "iPhone Distribution: Joshua Betz";
				"CODE_SIGN_IDENTITY[sdk=iphoneos*]" = "iPhone Developer";
				COPY_PHASE_STRIP = YES;
				GCC_C_LANGUAGE_STANDARD = gnu99;
				GCC_VERSION = com.apple.compilers.llvm.clang.1_0;
				GCC_WARN_ABOUT_MISSING_PROTOTYPES = YES;
				GCC_WARN_ABOUT_RETURN_TYPE = YES;
				GCC_WARN_UNUSED_VARIABLE = YES;
				IPHONEOS_DEPLOYMENT_TARGET = 5.0;
				OTHER_CFLAGS = "-DNS_BLOCK_ASSERTIONS=1";
				PROVISIONING_PROFILE = "B8739897-55D0-4C1C-A641-AEBECEC89694";
				SDKROOT = iphoneos;
				VALIDATE_PRODUCT = YES;
			};
			name = "App Store";
		};
		0395A595155985AA001ED614 /* App Store */ = {
			isa = XCBuildConfiguration;
			buildSettings = {
				CODE_SIGN_ENTITLEMENTS = Hypersonic.entitlements;
				CODE_SIGN_IDENTITY = "iPhone Distribution";
				"CODE_SIGN_IDENTITY[sdk=iphoneos*]" = "iPhone Distribution";
				GCC_PRECOMPILE_PREFIX_HEADER = YES;
				GCC_PREFIX_HEADER = "Subsonic/Subsonic-Prefix.pch";
				INFOPLIST_FILE = "Subsonic/Subsonic-Info.plist";
				PRODUCT_NAME = "$(TARGET_NAME)";
				PROVISIONING_PROFILE = "";
				"PROVISIONING_PROFILE[sdk=iphoneos*]" = "";
				WRAPPER_EXTENSION = app;
			};
			name = "App Store";
		};
		03AEF1E71522AB840026C015 /* Ad Hoc Distribution */ = {
			isa = XCBuildConfiguration;
			buildSettings = {
				ALWAYS_SEARCH_USER_PATHS = NO;
				ARCHS = "$(ARCHS_STANDARD_32_BIT)";
				CLANG_ENABLE_OBJC_ARC = YES;
				CODE_SIGN_IDENTITY = "iPhone Distribution: Joshua Betz";
				"CODE_SIGN_IDENTITY[sdk=iphoneos*]" = "iPhone Developer";
				COPY_PHASE_STRIP = YES;
				GCC_C_LANGUAGE_STANDARD = gnu99;
				GCC_VERSION = com.apple.compilers.llvm.clang.1_0;
				GCC_WARN_ABOUT_MISSING_PROTOTYPES = YES;
				GCC_WARN_ABOUT_RETURN_TYPE = YES;
				GCC_WARN_UNUSED_VARIABLE = YES;
				IPHONEOS_DEPLOYMENT_TARGET = 5.0;
				OTHER_CFLAGS = "-DNS_BLOCK_ASSERTIONS=1";
				PROVISIONING_PROFILE = "B8739897-55D0-4C1C-A641-AEBECEC89694";
				SDKROOT = iphoneos;
				VALIDATE_PRODUCT = YES;
			};
			name = "Ad Hoc Distribution";
		};
		03AEF1E81522AB840026C015 /* Ad Hoc Distribution */ = {
			isa = XCBuildConfiguration;
			buildSettings = {
				CODE_SIGN_ENTITLEMENTS = Hypersonic.entitlements;
				CODE_SIGN_IDENTITY = "iPhone Distribution";
				"CODE_SIGN_IDENTITY[sdk=iphoneos*]" = "iPhone Distribution";
				GCC_PRECOMPILE_PREFIX_HEADER = YES;
				GCC_PREFIX_HEADER = "Subsonic/Subsonic-Prefix.pch";
				INFOPLIST_FILE = "Subsonic/Subsonic-Info.plist";
				PRODUCT_NAME = "$(TARGET_NAME)";
				PROVISIONING_PROFILE = "";
				"PROVISIONING_PROFILE[sdk=iphoneos*]" = "";
				WRAPPER_EXTENSION = app;
			};
			name = "Ad Hoc Distribution";
		};
/* End XCBuildConfiguration section */

/* Begin XCConfigurationList section */
		032E6EA614F3F4860072697A /* Build configuration list for PBXProject "Subsonic" */ = {
			isa = XCConfigurationList;
			buildConfigurations = (
				032E6ED314F3F4860072697A /* Debug */,
				032E6ED414F3F4860072697A /* Release */,
				03AEF1E71522AB840026C015 /* Ad Hoc Distribution */,
				0395A594155985AA001ED614 /* App Store */,
			);
			defaultConfigurationIsVisible = 0;
			defaultConfigurationName = "App Store";
		};
		032E6ED514F3F4870072697A /* Build configuration list for PBXNativeTarget "Hypersonic" */ = {
			isa = XCConfigurationList;
			buildConfigurations = (
				032E6ED614F3F4870072697A /* Debug */,
				032E6ED714F3F4870072697A /* Release */,
				03AEF1E81522AB840026C015 /* Ad Hoc Distribution */,
				0395A595155985AA001ED614 /* App Store */,
			);
			defaultConfigurationIsVisible = 0;
			defaultConfigurationName = "App Store";
		};
/* End XCConfigurationList section */
	};
	rootObject = 032E6EA314F3F4860072697A /* Project object */;
}
